# This file is automatically @generated by Cargo.
# It is not intended for manual editing.
version = 4

[[package]]
name = "Ghost_Explorer"
version = "0.1.0"
dependencies = [
 "raw_keys",
]

[[package]]
name = "libc"
version = "0.2.178"
source = "registry+https://github.com/rust-lang/crates.io-index"
checksum = "37c93d8daa9d8a012fd8ab92f088405fb202ea0b6ab73ee2482ae66af4f42091"

[[package]]
name = "libc"
version = "1.0.0-alpha.1"
source = "registry+https://github.com/rust-lang/crates.io-index"
checksum = "7222002e5385b4d9327755661e3847c970e8fbf9dea6da8c57f16e8cfbff53a8"

[[package]]
name = "raw_keys"
version = "0.1.0"
dependencies = [
 "libc 1.0.0-alpha.1",
 "termios",
]

[[package]]
name = "termios"
version = "0.3.3"
source = "registry+https://github.com/rust-lang/crates.io-index"
checksum = "411c5bf740737c7918b8b1fe232dca4dc9f8e754b8ad5e20966814001ed0ac6b"
dependencies = [
 "libc 0.2.178",
]
